// !$*UTF8*$!
{
	archiveVersion = 1;
	classes = {
	};
	objectVersion = 46;
	objects = {

/* Begin PBXBuildFile section */
		907772AA1F1F309800633552 /* AppDelegate.swift in Sources */ = {isa = PBXBuildFile; fileRef = 907772A91F1F309800633552 /* AppDelegate.swift */; };
		907772AC1F1F309800633552 /* ViewController.swift in Sources */ = {isa = PBXBuildFile; fileRef = 907772AB1F1F309800633552 /* ViewController.swift */; };
		907772AF1F1F309800633552 /* Main.storyboard in Resources */ = {isa = PBXBuildFile; fileRef = 907772AD1F1F309800633552 /* Main.storyboard */; };
		907772B11F1F309800633552 /* Assets.xcassets in Resources */ = {isa = PBXBuildFile; fileRef = 907772B01F1F309800633552 /* Assets.xcassets */; };
		907772B41F1F309800633552 /* LaunchScreen.storyboard in Resources */ = {isa = PBXBuildFile; fileRef = 907772B21F1F309800633552 /* LaunchScreen.storyboard */; };
/* End PBXBuildFile section */

/* Begin PBXFileReference section */
		907772A61F1F309800633552 /* testSlideMenu.app */ = {isa = PBXFileReference; explicitFileType = wrapper.application; includeInIndex = 0; path = testSlideMenu.app; sourceTree = BUILT_PRODUCTS_DIR; };
		907772A91F1F309800633552 /* AppDelegate.swift */ = {isa = PBXFileReference; lastKnownFileType = sourcecode.swift; path = AppDelegate.swift; sourceTree = "<group>"; };
		907772AB1F1F309800633552 /* ViewController.swift */ = {isa = PBXFileReference; lastKnownFileType = sourcecode.swift; path = ViewController.swift; sourceTree = "<group>"; };
		907772AE1F1F309800633552 /* Base */ = {isa = PBXFileReference; lastKnownFileType = file.storyboard; name = Base; path = Base.lproj/Main.storyboard; sourceTree = "<group>"; };
		907772B01F1F309800633552 /* Assets.xcassets */ = {isa = PBXFileReference; lastKnownFileType = folder.assetcatalog; path = Assets.xcassets; sourceTree = "<group>"; };
		907772B31F1F309800633552 /* Base */ = {isa = PBXFileReference; lastKnownFileType = file.storyboard; name = Base; path = Base.lproj/LaunchScreen.storyboard; sourceTree = "<group>"; };
		907772B51F1F309800633552 /* Info.plist */ = {isa = PBXFileReference; lastKnownFileType = text.plist.xml; path = Info.plist; sourceTree = "<group>"; };
/* End PBXFileReference section */

/* Begin PBXFrameworksBuildPhase section */
		907772A31F1F309800633552 /* Frameworks */ = {
			isa = PBXFrameworksBuildPhase;
			buildActionMask = 2147483647;
			files = (
			);
			runOnlyForDeploymentPostprocessing = 0;
		};
/* End PBXFrameworksBuildPhase section */

/* Begin PBXGroup section */
		9077729D1F1F309800633552 = {
			isa = PBXGroup;
			children = (
				907772A81F1F309800633552 /* testSlideMenu */,
				907772A71F1F309800633552 /* Products */,
			);
			sourceTree = "<group>";
		};
		907772A71F1F309800633552 /* Products */ = {
			isa = PBXGroup;
			children = (
				907772A61F1F309800633552 /* testSlideMenu.app */,
			);
			name = Products;
			sourceTree = "<group>";
		};
		907772A81F1F309800633552 /* testSlideMenu */ = {
			isa = PBXGroup;
			children = (
				907772A91F1F309800633552 /* AppDelegate.swift */,
				907772AB1F1F309800633552 /* ViewController.swift */,
				907772AD1F1F309800633552 /* Main.storyboard */,
				907772B01F1F309800633552 /* Assets.xcassets */,
				907772B21F1F309800633552 /* LaunchScreen.storyboard */,
				907772B51F1F309800633552 /* Info.plist */,
			);
			path = testSlideMenu;
			sourceTree = "<group>";
		};
/* End PBXGroup section */

/* Begin PBXNativeTarget section */
		907772A51F1F309800633552 /* testSlideMenu */ = {
			isa = PBXNativeTarget;
			buildConfigurationList = 907772B81F1F309800633552 /* Build configuration list for PBXNativeTarget "testSlideMenu" */;
			buildPhases = (
				907772A21F1F309800633552 /* Sources */,
				907772A31F1F309800633552 /* Frameworks */,
				907772A41F1F309800633552 /* Resources */,
			);
			buildRules = (
			);
			dependencies = (
			);
			name = testSlideMenu;
			productName = testSlideMenu;
			productReference = 907772A61F1F309800633552 /* testSlideMenu.app */;
			productType = "com.apple.product-type.application";
		};
/* End PBXNativeTarget section */

/* Begin PBXProject section */
		9077729E1F1F309800633552 /* Project object */ = {
			isa = PBXProject;
			attributes = {
				LastSwiftUpdateCheck = 0830;
				LastUpgradeCheck = 0830;
				ORGANIZATIONNAME = kratostracking;
				TargetAttributes = {
					907772A51F1F309800633552 = {
						CreatedOnToolsVersion = 8.3.3;
						DevelopmentTeam = 2YYUV9CRB3;
						ProvisioningStyle = Automatic;
					};
				};
			};
			buildConfigurationList = 907772A11F1F309800633552 /* Build configuration list for PBXProject "testSlideMenu" */;
			compatibilityVersion = "Xcode 3.2";
			developmentRegion = English;
			hasScannedForEncodings = 0;
			knownRegions = (
				en,
				Base,
			);
			mainGroup = 9077729D1F1F309800633552;
			productRefGroup = 907772A71F1F309800633552 /* Products */;
			projectDirPath = "";
			projectRoot = "";
			targets = (
				907772A51F1F309800633552 /* testSlideMenu */,
			);
		};
/* End PBXProject section */

/* Begin PBXResourcesBuildPhase section */
		907772A41F1F309800633552 /* Resources */ = {
			isa = PBXResourcesBuildPhase;
			buildActionMask = 2147483647;
			files = (
				907772B41F1F309800633552 /* LaunchScreen.storyboard in Resources */,
				907772B11F1F309800633552 /* Assets.xcassets in Resources */,
				907772AF1F1F309800633552 /* Main.storyboard in Resources */,
			);
			runOnlyForDeploymentPostprocessing = 0;
		};
/* End PBXResourcesBuildPhase section */

/* Begin PBXSourcesBuildPhase section */
		907772A21F1F309800633552 /* Sources */ = {
			isa = PBXSourcesBuildPhase;
			buildActionMask = 2147483647;
			files = (
				907772AC1F1F309800633552 /* ViewController.swift in Sources */,
				907772AA1F1F309800633552 /* AppDelegate.swift in Sources */,
			);
			runOnlyForDeploymentPostprocessing = 0;
		};
/* End PBXSourcesBuildPhase section */

/* Begin PBXVariantGroup section */
		907772AD1F1F309800633552 /* Main.storyboard */ = {
			isa = PBXVariantGroup;
			children = (
				907772AE1F1F309800633552 /* Base */,
			);
			name = Main.storyboard;
			sourceTree = "<group>";
		};
		907772B21F1F309800633552 /* LaunchScreen.storyboard */ = {
			isa = PBXVariantGroup;
			children = (
				907772B31F1F309800633552 /* Base */,
			);
			name = LaunchScreen.storyboard;
			sourceTree = "<group>";
		};
/* End PBXVariantGroup section */

/* Begin XCBuildConfiguration section */
		907772B61F1F309800633552 /* Debug */ = {
			isa = XCBuildConfiguration;
			buildSettings = {
				ALWAYS_SEARCH_USER_PATHS = NO;
				CLANG_ANALYZER_NONNULL = YES;
				CLANG_ANALYZER_NUMBER_OBJECT_CONVERSION = YES_AGGRESSIVE;
				CLANG_CXX_LANGUAGE_STANDARD = "gnu++0x";
				CLANG_CXX_LIBRARY = "libc++";
				CLANG_ENABLE_MODULES = YES;
				CLANG_ENABLE_OBJC_ARC = YES;
				CLANG_WARN_BOOL_CONVERSION = YES;
				CLANG_WARN_CONSTANT_CONVERSION = YES;
				CLANG_WARN_DIRECT_OBJC_ISA_USAGE = YES_ERROR;
				CLANG_WARN_DOCUMENTATION_COMMENTS = YES;
				CLANG_WARN_EMPTY_BODY = YES;
				CLANG_WARN_ENUM_CONVERSION = YES;
				CLANG_WARN_INFINITE_RECURSION = YES;
				CLANG_WARN_INT_CONVERSION = YES;
				CLANG_WARN_OBJC_ROOT_CLASS = YES_ERROR;
				CLANG_WARN_SUSPICIOUS_MOVE = YES;
				CLANG_WARN_UNREACHABLE_CODE = YES;
				CLANG_WARN__DUPLICATE_METHOD_MATCH = YES;
				"CODE_SIGN_IDENTITY[sdk=iphoneos*]" = "iPhone Developer";
				COPY_PHASE_STRIP = NO;
				DEBUG_INFORMATION_FORMAT = dwarf;
				ENABLE_STRICT_OBJC_MSGSEND = YES;
				ENABLE_TESTABILITY = YES;
				GCC_C_LANGUAGE_STANDARD = gnu99;
				GCC_DYNAMIC_NO_PIC = NO;
				GCC_NO_COMMON_BLOCKS = YES;
				GCC_OPTIMIZATION_LEVEL = 0;
				GCC_PREPROCESSOR_DEFINITIONS = (
					"DEBUG=1",
					"$(inherited)",
				);
				GCC_WARN_64_TO_32_BIT_CONVERSION = YES;
				GCC_WARN_ABOUT_RETURN_TYPE = YES_ERROR;
				GCC_WARN_UNDECLARED_SELECTOR = YES;
				GCC_WARN_UNINITIALIZED_AUTOS = YES_AGGRESSIVE;
				GCC_WARN_UNUSED_FUNCTION = YES;
				GCC_WARN_UNUSED_VARIABLE = YES;
				IPHONEOS_DEPLOYMENT_TARGET = 10.3;
				MTL_ENABLE_DEBUG_INFO = YES;
				ONLY_ACTIVE_ARCH = YES;
				SDKROOT = iphoneos;
				SWIFT_ACTIVE_COMPILATION_CONDITIONS = DEBUG;
				SWIFT_OPTIMIZATION_LEVEL = "-Onone";
				TARGETED_DEVICE_FAMILY = "1,2";
			};
			name = Debug;
		};
		907772B71F1F309800633552 /* Release */ = {
			isa = XCBuildConfiguration;
			buildSettings = {
				ALWAYS_SEARCH_USER_PATHS = NO;
				CLANG_ANALYZER_NONNULL = YES;
				CLANG_ANALYZER_NUMBER_OBJECT_CONVERSION = YES_AGGRESSIVE;
				CLANG_CXX_LANGUAGE_STANDARD = "gnu++0x";
				CLANG_CXX_LIBRARY = "libc++";
				CLANG_ENABLE_MODULES = YES;
				CLANG_ENABLE_OBJC_ARC = YES;
				CLANG_WARN_BOOL_CONVERSION = YES;
				CLANG_WARN_CONSTANT_CONVERSION = YES;
				CLANG_WARN_DIRECT_OBJC_ISA_USAGE = YES_ERROR;
				CLANG_WARN_DOCUMENTATION_COMMENTS = YES;
				CLANG_WARN_EMPTY_BODY = YES;
				CLANG_WARN_ENUM_CONVERSION = YES;
				CLANG_WARN_INFINITE_RECURSION = YES;
				CLANG_WARN_INT_CONVERSION = YES;
				CLANG_WARN_OBJC_ROOT_CLASS = YES_ERROR;
				CLANG_WARN_SUSPICIOUS_MOVE = YES;
				CLANG_WARN_UNREACHABLE_CODE = YES;
				CLANG_WARN__DUPLICATE_METHOD_MATCH = YES;
				"CODE_SIGN_IDENTITY[sdk=iphoneos*]" = "iPhone Developer";
				COPY_PHASE_STRIP = NO;
				DEBUG_INFORMATION_FORMAT = "dwarf-with-dsym";
				ENABLE_NS_ASSERTIONS = NO;
				ENABLE_STRICT_OBJC_MSGSEND = YES;
				GCC_C_LANGUAGE_STANDARD = gnu99;
				GCC_NO_COMMON_BLOCKS = YES;
				GCC_WARN_64_TO_32_BIT_CONVERSION = YES;
				GCC_WARN_ABOUT_RETURN_TYPE = YES_ERROR;
				GCC_WARN_UNDECLARED_SELECTOR = YES;
				GCC_WARN_UNINITIALIZED_AUTOS = YES_AGGRESSIVE;
				GCC_WARN_UNUSED_FUNCTION = YES;
				GCC_WARN_UNUSED_VARIABLE = YES;
				IPHONEOS_DEPLOYMENT_TARGET = 10.3;
				MTL_ENABLE_DEBUG_INFO = NO;
				SDKROOT = iphoneos;
				SWIFT_OPTIMIZATION_LEVEL = "-Owholemodule";
				TARGETED_DEVICE_FAMILY = "1,2";
				VALIDATE_PRODUCT = YES;
			};
			name = Release;
		};
		907772B91F1F309800633552 /* Debug */ = {
			isa = XCBuildConfiguration;
			buildSettings = {
				ASSETCATALOG_COMPILER_APPICON_NAME = AppIcon;
				DEVELOPMENT_TEAM = 2YYUV9CRB3;
				INFOPLIST_FILE = testSlideMenu/Info.plist;
				LD_RUNPATH_SEARCH_PATHS = "$(inherited) @executable_path/Frameworks";
				PRODUCT_BUNDLE_IDENTIFIER = com.kratostracking.testSlideMenu;
				PRODUCT_NAME = "$(TARGET_NAME)";
				SWIFT_VERSION = 3.0;
			};
			name = Debug;
		};
		907772BA1F1F309800633552 /* Release */ = {
			isa = XCBuildConfiguration;
			buildSettings = {
				ASSETCATALOG_COMPILER_APPICON_NAME = AppIcon;
				DEVELOPMENT_TEAM = 2YYUV9CRB3;
				INFOPLIST_FILE = testSlideMenu/Info.plist;
				LD_RUNPATH_SEARCH_PATHS = "$(inherited) @executable_path/Frameworks";
				PRODUCT_BUNDLE_IDENTIFIER = com.kratostracking.testSlideMenu;
				PRODUCT_NAME = "$(TARGET_NAME)";
				SWIFT_VERSION = 3.0;
			};
			name = Release;
		};
/* End XCBuildConfiguration section */

/* Begin XCConfigurationList section */
		907772A11F1F309800633552 /* Build configuration list for PBXProject "testSlideMenu" */ = {
			isa = XCConfigurationList;
			buildConfigurations = (
				907772B61F1F309800633552 /* Debug */,
				907772B71F1F309800633552 /* Release */,
			);
			defaultConfigurationIsVisible = 0;
			defaultConfigurationName = Release;
		};
		907772B81F1F309800633552 /* Build configuration list for PBXNativeTarget "testSlideMenu" */ = {
			isa = XCConfigurationList;
			buildConfigurations = (
				907772B91F1F309800633552 /* Debug */,
				907772BA1F1F309800633552 /* Release */,
			);
			defaultConfigurationIsVisible = 0;
		};
/* End XCConfigurationList section */
	};
	rootObject = 9077729E1F1F309800633552 /* Project object */;
}
